{
  "name": "sample-render-service",
  "version": "1.0.0",
  "lockfileVersion": 3,
  "requires": true,
  "packages": {
    "": {
      "name": "sample-render-service",
      "version": "1.0.0",
      "dependencies": {
        "@broadpaper/server": "file:../vendor/npm/broadpaper-server-0.1.0.tgz"
      }
    },
    "node_modules/@broadpaper/blocks": {
      "version": "0.1.0",
      "resolved": "file:../vendor/npm/broadpaper-blocks-0.1.0.tgz",
      "integrity": "sha512-ujHdzHnecEp5hp1YPbTQH5fQFYFjriPtjCojH193eNdf3cO5NVa0m7tm9wb7+tFyWWKJpfNQLsFP6Q+yjLi7Xw==",
      "license": "SEE LICENSE IN LICENSE",
      "dependencies": {
        "@broadpaper/core": "0.1.0",
        "d3-scale": "^4.0.2",
        "d3-shape": "^3.2.0"
      }
    },
    "node_modules/@broadpaper/core": {
      "version": "0.1.0",
      "resolved": "file:../vendor/npm/broadpaper-core-0.1.0.tgz",
      "integrity": "sha512-a5uuJTtWTNdcWul/4+3WumLi5wkzTGfdjH76dYCSMxNAgQken62WHTBG2qmQpuvL18aB8BnWX++yF45yx6QYTQ==",
      "license": "SEE LICENSE IN LICENSE",
      "dependencies": {
        "immer": "^10.1.1",
        "zod": "^3.24.1"
      }
    },
    "node_modules/@broadpaper/forme": {
      "version": "0.1.0",
      "resolved": "file:../vendor/npm/broadpaper-forme-0.1.0.tgz",
      "integrity": "sha512-6ajovtQOCPyY6Y/9EVaK55lmAczZHbpGTIRVV5gRdR/Ce3nvDjl30/ltkBOX9fd4HNMstZvkwtcHmfQAOkNteA==",
      "license": "SEE LICENSE IN LICENSE",
      "dependencies": {
        "@broadpaper/blocks": "0.1.0",
        "@broadpaper/core": "0.1.0",
        "@broadpaper/license": "0.1.0",
        "@formepdf/core": "^0.20.0",
        "@formepdf/shared": "^0.20.0"
      }
    },
    "node_modules/@broadpaper/license": {
      "version": "0.1.0",
      "resolved": "file:../vendor/npm/broadpaper-license-0.1.0.tgz",
      "integrity": "sha512-a4fz146nuYIIp64AI10yZlIK9LCBF3RMY1uMr0eIOgISNYN+JhDW9eU3dRjVJgZzo6hXTi7W37A8xoLqdC6fHw==",
      "license": "SEE LICENSE IN LICENSE",
      "dependencies": {
        "@noble/ed25519": "^3.2.0"
      }
    },
    "node_modules/@broadpaper/server": {
      "version": "0.1.0",
      "resolved": "file:../vendor/npm/broadpaper-server-0.1.0.tgz",
      "integrity": "sha512-pd7RrOpvT00gUQ2sNLJMCXgW6nQhaCFdFirBeJ/8jxKDGz2ABEFl/mR3zR4BZwYmhGia+TuQjEtm3r1Sk0HScg==",
      "license": "SEE LICENSE IN LICENSE",
      "dependencies": {
        "@broadpaper/blocks": "0.1.0",
        "@broadpaper/core": "0.1.0",
        "@broadpaper/forme": "0.1.0",
        "@broadpaper/license": "0.1.0"
      },
      "bin": {
        "broadpaper-server": "dist/cli.js"
      }
    },
    "node_modules/@formepdf/core": {
      "version": "0.20.1",
      "license": "MIT",
      "dependencies": {
        "@formepdf/react": "0.20.1"
      },
      "peerDependencies": {
        "react": "^18 || ^19"
      }
    },
    "node_modules/@formepdf/react": {
      "version": "0.20.1",
      "license": "MIT",
      "dependencies": {
        "@formepdf/shared": "0.20.1"
      },
      "peerDependencies": {
        "react": "^18 || ^19"
      }
    },
    "node_modules/@formepdf/shared": {
      "version": "0.20.1",
      "license": "MIT",
      "dependencies": {
        "parse5": "^7.2.1"
      }
    },
    "node_modules/@noble/ed25519": {
      "version": "3.2.0",
      "license": "MIT",
      "funding": {
        "url": "https://paulmillr.com/funding/"
      }
    },
    "node_modules/d3-array": {
      "version": "3.2.4",
      "license": "ISC",
      "dependencies": {
        "internmap": "1 - 2"
      },
      "engines": {
        "node": ">=12"
      }
    },
    "node_modules/d3-color": {
      "version": "3.1.0",
      "license": "ISC",
      "engines": {
        "node": ">=12"
      }
    },
    "node_modules/d3-format": {
      "version": "3.1.2",
      "license": "ISC",
      "engines": {
        "node": ">=12"
      }
    },
    "node_modules/d3-interpolate": {
      "version": "3.0.1",
      "license": "ISC",
      "dependencies": {
        "d3-color": "1 - 3"
      },
      "engines": {
        "node": ">=12"
      }
    },
    "node_modules/d3-path": {
      "version": "3.1.0",
      "license": "ISC",
      "engines": {
        "node": ">=12"
      }
    },
    "node_modules/d3-scale": {
      "version": "4.0.2",
      "license": "ISC",
      "dependencies": {
        "d3-array": "2.10.0 - 3",
        "d3-format": "1 - 3",
        "d3-interpolate": "1.2.0 - 3",
        "d3-time": "2.1.1 - 3",
        "d3-time-format": "2 - 4"
      },
      "engines": {
        "node": ">=12"
      }
    },
    "node_modules/d3-shape": {
      "version": "3.2.0",
      "license": "ISC",
      "dependencies": {
        "d3-path": "^3.1.0"
      },
      "engines": {
        "node": ">=12"
      }
    },
    "node_modules/d3-time": {
      "version": "3.1.0",
      "license": "ISC",
      "dependencies": {
        "d3-array": "2 - 3"
      },
      "engines": {
        "node": ">=12"
      }
    },
    "node_modules/d3-time-format": {
      "version": "4.1.0",
      "license": "ISC",
      "dependencies": {
        "d3-time": "1 - 3"
      },
      "engines": {
        "node": ">=12"
      }
    },
    "node_modules/entities": {
      "version": "6.0.1",
      "license": "BSD-2-Clause",
      "engines": {
        "node": ">=0.12"
      },
      "funding": {
        "url": "https://github.com/fb55/entities?sponsor=1"
      }
    },
    "node_modules/immer": {
      "version": "10.2.0",
      "license": "MIT",
      "funding": {
        "type": "opencollective",
        "url": "https://opencollective.com/immer"
      }
    },
    "node_modules/internmap": {
      "version": "2.0.3",
      "license": "ISC",
      "engines": {
        "node": ">=12"
      }
    },
    "node_modules/parse5": {
      "version": "7.3.0",
      "license": "MIT",
      "dependencies": {
        "entities": "^6.0.0"
      },
      "funding": {
        "url": "https://github.com/inikulin/parse5?sponsor=1"
      }
    },
    "node_modules/react": {
      "version": "19.3.0",
      "license": "MIT",
      "peer": true,
      "engines": {
        "node": ">=0.10.0"
      }
    },
    "node_modules/zod": {
      "version": "3.25.76",
      "license": "MIT",
      "funding": {
        "url": "https://github.com/sponsors/colinhacks"
      }
    }
  }
}
